
Microsoft Visual Studio Solution File, Format Version 12.00
Project("{FAE04EC0-301F-11D3-BF4B-00C04F79EFBC}") = "API", "API\API.csproj", "{7025A789-F8A3-40FE-B4BC-566FB918CE23}"
EndProject
Project("{FAE04EC0-301F-11D3-BF4B-00C04F79EFBC}") = "Service", "Service\Service.csproj", "{CCFEE794-1B54-4A24-B546-D58C8C83198A}"
EndProject
Global
	GlobalSection(SolutionConfigurationPlatforms) = preSolution
		Debug|Any CPU = Debug|Any CPU
		Release|Any CPU = Release|Any CPU
	EndGlobalSection
	GlobalSection(ProjectConfigurationPlatforms) = postSolution
		{7025A789-F8A3-40FE-B4BC-566FB918CE23}.Debug|Any CPU.ActiveCfg = Debug|Any CPU
		{7025A789-F8A3-40FE-B4BC-566FB918CE23}.Debug|Any CPU.Build.0 = Debug|Any CPU
		{7025A789-F8A3-40FE-B4BC-566FB918CE23}.Release|Any CPU.ActiveCfg = Release|Any CPU
		{7025A789-F8A3-40FE-B4BC-566FB918CE23}.Release|Any CPU.Build.0 = Release|Any CPU
		{CCFEE794-1B54-4A24-B546-D58C8C83198A}.Debug|Any CPU.ActiveCfg = Debug|Any CPU
		{CCFEE794-1B54-4A24-B546-D58C8C83198A}.Debug|Any CPU.Build.0 = Debug|Any CPU
		{CCFEE794-1B54-4A24-B546-D58C8C83198A}.Release|Any CPU.ActiveCfg = Release|Any CPU
		{CCFEE794-1B54-4A24-B546-D58C8C83198A}.Release|Any CPU.Build.0 = Release|Any CPU
	EndGlobalSection
EndGlobal
